
Microsoft Visual Studio Solution File, Format Version 12.00
# Visual Studio 15
VisualStudioVersion = 15.0.27703.2026
MinimumVisualStudioVersion = 10.0.40219.1
Project("{9A19103F-16F7-4668-BE54-9A1E7A4F7556}") = "AdventielRentCar", "AdventielRentCar\AdventielRentCar\AdventielRentCar.csproj", "{B08064FA-DB2D-4FCB-817B-6E5C341FDD1F}"
EndProject
Project("{FAE04EC0-301F-11D3-BF4B-00C04F79EFBC}") = "AdventielRentCar.Android", "AdventielRentCar\AdventielRentCar.Android\AdventielRentCar.Android.csproj", "{5545B4B7-10A5-499D-BE5D-568014717560}"
EndProject
Project("{FAE04EC0-301F-11D3-BF4B-00C04F79EFBC}") = "AdventielRentCar.iOS", "AdventielRentCar\AdventielRentCar.iOS\AdventielRentCar.iOS.csproj", "{43504AAC-5442-433B-9905-B8314096C9EF}"
EndProject
Project("{FAE04EC0-301F-11D3-BF4B-00C04F79EFBC}") = "AdventielRentCar.UWP", "AdventielRentCar\AdventielRentCar.UWP\AdventielRentCar.UWP.csproj", "{1A3EEBAB-8C72-47E6-9E73-A6DFC25AB214}"
EndProject
Global
	GlobalSection(SolutionConfigurationPlatforms) = preSolution
		Ad-Hoc|Any CPU = Ad-Hoc|Any CPU
		Ad-Hoc|ARM = Ad-Hoc|ARM
		Ad-Hoc|iPhone = Ad-Hoc|iPhone
		Ad-Hoc|iPhoneSimulator = Ad-Hoc|iPhoneSimulator
		Ad-Hoc|x64 = Ad-Hoc|x64
		Ad-Hoc|x86 = Ad-Hoc|x86
		AppStore|Any CPU = AppStore|Any CPU
		AppStore|ARM = AppStore|ARM
		AppStore|iPhone = AppStore|iPhone
		AppStore|iPhoneSimulator = AppStore|iPhoneSimulator
		AppStore|x64 = AppStore|x64
		AppStore|x86 = AppStore|x86
		Debug|Any CPU = Debug|Any CPU
		Debug|ARM = Debug|ARM
		Debug|iPhone = Debug|iPhone
		Debug|iPhoneSimulator = Debug|iPhoneSimulator
		Debug|x64 = Debug|x64
		Debug|x86 = Debug|x86
		Release|Any CPU = Release|Any CPU
		Release|ARM = Release|ARM
		Release|iPhone = Release|iPhone
		Release|iPhoneSimulator = Release|iPhoneSimulator
		Release|x64 = Release|x64
		Release|x86 = Release|x86
	EndGlobalSection
	GlobalSection(ProjectConfigurationPlatforms) = postSolution
		{B08064FA-DB2D-4FCB-817B-6E5C341FDD1F}.Ad-Hoc|Any CPU.ActiveCfg = Debug|Any CPU
		{B08064FA-DB2D-4FCB-817B-6E5C341FDD1F}.Ad-Hoc|Any CPU.Build.0 = Debug|Any CPU
		{B08064FA-DB2D-4FCB-817B-6E5C341FDD1F}.Ad-Hoc|ARM.ActiveCfg = Debug|Any CPU
		{B08064FA-DB2D-4FCB-817B-6E5C341FDD1F}.Ad-Hoc|ARM.Build.0 = Debug|Any CPU
		{B08064FA-DB2D-4FCB-817B-6E5C341FDD1F}.Ad-Hoc|iPhone.ActiveCfg = Debug|Any CPU
		{B08064FA-DB2D-4FCB-817B-6E5C341FDD1F}.Ad-Hoc|iPhone.Build.0 = Debug|Any CPU
		{B08064FA-DB2D-4FCB-817B-6E5C341FDD1F}.Ad-Hoc|iPhoneSimulator.ActiveCfg = Debug|Any CPU
		{B08064FA-DB2D-4FCB-817B-6E5C341FDD1F}.Ad-Hoc|iPhoneSimulator.Build.0 = Debug|Any CPU
		{B08064FA-DB2D-4FCB-817B-6E5C341FDD1F}.Ad-Hoc|x64.ActiveCfg = Debug|Any CPU
		{B08064FA-DB2D-4FCB-817B-6E5C341FDD1F}.Ad-Hoc|x64.Build.0 = Debug|Any CPU
		{B08064FA-DB2D-4FCB-817B-6E5C341FDD1F}.Ad-Hoc|x86.ActiveCfg = Debug|Any CPU
		{B08064FA-DB2D-4FCB-817B-6E5C341FDD1F}.Ad-Hoc|x86.Build.0 = Debug|Any CPU
		{B08064FA-DB2D-4FCB-817B-6E5C341FDD1F}.AppStore|Any CPU.ActiveCfg = Debug|Any CPU
		{B08064FA-DB2D-4FCB-817B-6E5C341FDD1F}.AppStore|Any CPU.Build.0 = Debug|Any CPU
		{B08064FA-DB2D-4FCB-817B-6E5C341FDD1F}.AppStore|ARM.ActiveCfg = Debug|Any CPU
		{B08064FA-DB2D-4FCB-817B-6E5C341FDD1F}.AppStore|ARM.Build.0 = Debug|Any CPU
		{B08064FA-DB2D-4FCB-817B-6E5C341FDD1F}.AppStore|iPhone.ActiveCfg = Debug|Any CPU
		{B08064FA-DB2D-4FCB-817B-6E5C341FDD1F}.AppStore|iPhone.Build.0 = Debug|Any CPU
		{B08064FA-DB2D-4FCB-817B-6E5C341FDD1F}.AppStore|iPhoneSimulator.ActiveCfg = Debug|Any CPU
		{B08064FA-DB2D-4FCB-817B-6E5C341FDD1F}.AppStore|iPhoneSimulator.Build.0 = Debug|Any CPU
		{B08064FA-DB2D-4FCB-817B-6E5C341FDD1F}.AppStore|x64.ActiveCfg = Debug|Any CPU
		{B08064FA-DB2D-4FCB-817B-6E5C341FDD1F}.AppStore|x64.Build.0 = Debug|Any CPU
		{B08064FA-DB2D-4FCB-817B-6E5C341FDD1F}.AppStore|x86.ActiveCfg = Debug|Any CPU
		{B08064FA-DB2D-4FCB-817B-6E5C341FDD1F}.AppStore|x86.Build.0 = Debug|Any CPU
		{B08064FA-DB2D-4FCB-817B-6E5C341FDD1F}.Debug|Any CPU.ActiveCfg = Debug|Any CPU
		{B08064FA-DB2D-4FCB-817B-6E5C341FDD1F}.Debug|Any CPU.Build.0 = Debug|Any CPU
		{B08064FA-DB2D-4FCB-817B-6E5C341FDD1F}.Debug|ARM.ActiveCfg = Debug|Any CPU
		{B08064FA-DB2D-4FCB-817B-6E5C341FDD1F}.Debug|ARM.Build.0 = Debug|Any CPU
		{B08064FA-DB2D-4FCB-817B-6E5C341FDD1F}.Debug|iPhone.ActiveCfg = Debug|Any CPU
		{B08064FA-DB2D-4FCB-817B-6E5C341FDD1F}.Debug|iPhone.Build.0 = Debug|Any CPU
		{B08064FA-DB2D-4FCB-817B-6E5C341FDD1F}.Debug|iPhoneSimulator.ActiveCfg = Debug|Any CPU
		{B08064FA-DB2D-4FCB-817B-6E5C341FDD1F}.Debug|iPhoneSimulator.Build.0 = Debug|Any CPU
		{B08064FA-DB2D-4FCB-817B-6E5C341FDD1F}.Debug|x64.ActiveCfg = Debug|Any CPU
		{B08064FA-DB2D-4FCB-817B-6E5C341FDD1F}.Debug|x64.Build.0 = Debug|Any CPU
		{B08064FA-DB2D-4FCB-817B-6E5C341FDD1F}.Debug|x86.ActiveCfg = Debug|Any CPU
		{B08064FA-DB2D-4FCB-817B-6E5C341FDD1F}.Debug|x86.Build.0 = Debug|Any CPU
		{B08064FA-DB2D-4FCB-817B-6E5C341FDD1F}.Release|Any CPU.ActiveCfg = Release|Any CPU
		{B08064FA-DB2D-4FCB-817B-6E5C341FDD1F}.Release|Any CPU.Build.0 = Release|Any CPU
		{B08064FA-DB2D-4FCB-817B-6E5C341FDD1F}.Release|ARM.ActiveCfg = Release|Any CPU
		{B08064FA-DB2D-4FCB-817B-6E5C341FDD1F}.Release|ARM.Build.0 = Release|Any CPU
		{B08064FA-DB2D-4FCB-817B-6E5C341FDD1F}.Release|iPhone.ActiveCfg = Release|Any CPU
		{B08064FA-DB2D-4FCB-817B-6E5C341FDD1F}.Release|iPhone.Build.0 = Release|Any CPU
		{B08064FA-DB2D-4FCB-817B-6E5C341FDD1F}.Release|iPhoneSimulator.ActiveCfg = Release|Any CPU
		{B08064FA-DB2D-4FCB-817B-6E5C341FDD1F}.Release|iPhoneSimulator.Build.0 = Release|Any CPU
		{B08064FA-DB2D-4FCB-817B-6E5C341FDD1F}.Release|x64.ActiveCfg = Release|Any CPU
		{B08064FA-DB2D-4FCB-817B-6E5C341FDD1F}.Release|x64.Build.0 = Release|Any CPU
		{B08064FA-DB2D-4FCB-817B-6E5C341FDD1F}.Release|x86.ActiveCfg = Release|Any CPU
		{B08064FA-DB2D-4FCB-817B-6E5C341FDD1F}.Release|x86.Build.0 = Release|Any CPU
		{5545B4B7-10A5-499D-BE5D-568014717560}.Ad-Hoc|Any CPU.ActiveCfg = Release|Any CPU
		{5545B4B7-10A5-499D-BE5D-568014717560}.Ad-Hoc|Any CPU.Build.0 = Release|Any CPU
		{5545B4B7-10A5-499D-BE5D-568014717560}.Ad-Hoc|Any CPU.Deploy.0 = Release|Any CPU
		{5545B4B7-10A5-499D-BE5D-568014717560}.Ad-Hoc|ARM.ActiveCfg = Release|Any CPU
		{5545B4B7-10A5-499D-BE5D-568014717560}.Ad-Hoc|ARM.Build.0 = Release|Any CPU
		{5545B4B7-10A5-499D-BE5D-568014717560}.Ad-Hoc|ARM.Deploy.0 = Release|Any CPU
		{5545B4B7-10A5-499D-BE5D-568014717560}.Ad-Hoc|iPhone.ActiveCfg = Release|Any CPU
		{5545B4B7-10A5-499D-BE5D-568014717560}.Ad-Hoc|iPhone.Build.0 = Release|Any CPU
		{5545B4B7-10A5-499D-BE5D-568014717560}.Ad-Hoc|iPhone.Deploy.0 = Release|Any CPU
		{5545B4B7-10A5-499D-BE5D-568014717560}.Ad-Hoc|iPhoneSimulator.ActiveCfg = Release|Any CPU
		{5545B4B7-10A5-499D-BE5D-568014717560}.Ad-Hoc|iPhoneSimulator.Build.0 = Release|Any CPU
		{5545B4B7-10A5-499D-BE5D-568014717560}.Ad-Hoc|iPhoneSimulator.Deploy.0 = Release|Any CPU
		{5545B4B7-10A5-499D-BE5D-568014717560}.Ad-Hoc|x64.ActiveCfg = Release|Any CPU
		{5545B4B7-10A5-499D-BE5D-568014717560}.Ad-Hoc|x64.Build.0 = Release|Any CPU
		{5545B4B7-10A5-499D-BE5D-568014717560}.Ad-Hoc|x64.Deploy.0 = Release|Any CPU
		{5545B4B7-10A5-499D-BE5D-568014717560}.Ad-Hoc|x86.ActiveCfg = Release|Any CPU
		{5545B4B7-10A5-499D-BE5D-568014717560}.Ad-Hoc|x86.Build.0 = Release|Any CPU
		{5545B4B7-10A5-499D-BE5D-568014717560}.Ad-Hoc|x86.Deploy.0 = Release|Any CPU
		{5545B4B7-10A5-499D-BE5D-568014717560}.AppStore|Any CPU.ActiveCfg = Release|Any CPU
		{5545B4B7-10A5-499D-BE5D-568014717560}.AppStore|Any CPU.Build.0 = Release|Any CPU
		{5545B4B7-10A5-499D-BE5D-568014717560}.AppStore|Any CPU.Deploy.0 = Release|Any CPU
		{5545B4B7-10A5-499D-BE5D-568014717560}.AppStore|ARM.ActiveCfg = Release|Any CPU
		{5545B4B7-10A5-499D-BE5D-568014717560}.AppStore|ARM.Build.0 = Release|Any CPU
		{5545B4B7-10A5-499D-BE5D-568014717560}.AppStore|ARM.Deploy.0 = Release|Any CPU
		{5545B4B7-10A5-499D-BE5D-568014717560}.AppStore|iPhone.ActiveCfg = Release|Any CPU
		{5545B4B7-10A5-499D-BE5D-568014717560}.AppStore|iPhone.Build.0 = Release|Any CPU
		{5545B4B7-10A5-499D-BE5D-568014717560}.AppStore|iPhone.Deploy.0 = Release|Any CPU
		{5545B4B7-10A5-499D-BE5D-568014717560}.AppStore|iPhoneSimulator.ActiveCfg = Release|Any CPU
		{5545B4B7-10A5-499D-BE5D-568014717560}.AppStore|iPhoneSimulator.Build.0 = Release|Any CPU
		{5545B4B7-10A5-499D-BE5D-568014717560}.AppStore|iPhoneSimulator.Deploy.0 = Release|Any CPU
		{5545B4B7-10A5-499D-BE5D-568014717560}.AppStore|x64.ActiveCfg = Release|Any CPU
		{5545B4B7-10A5-499D-BE5D-568014717560}.AppStore|x64.Build.0 = Release|Any CPU
		{5545B4B7-10A5-499D-BE5D-568014717560}.AppStore|x64.Deploy.0 = Release|Any CPU
		{5545B4B7-10A5-499D-BE5D-568014717560}.AppStore|x86.ActiveCfg = Release|Any CPU
		{5545B4B7-10A5-499D-BE5D-568014717560}.AppStore|x86.Build.0 = Release|Any CPU
		{5545B4B7-10A5-499D-BE5D-568014717560}.AppStore|x86.Deploy.0 = Release|Any CPU
		{5545B4B7-10A5-499D-BE5D-568014717560}.Debug|Any CPU.ActiveCfg = Debug|Any CPU
		{5545B4B7-10A5-499D-BE5D-568014717560}.Debug|Any CPU.Build.0 = Debug|Any CPU
		{5545B4B7-10A5-499D-BE5D-568014717560}.Debug|Any CPU.Deploy.0 = Debug|Any CPU
		{5545B4B7-10A5-499D-BE5D-568014717560}.Debug|ARM.ActiveCfg = Debug|Any CPU
		{5545B4B7-10A5-499D-BE5D-568014717560}.Debug|ARM.Build.0 = Debug|Any CPU
		{5545B4B7-10A5-499D-BE5D-568014717560}.Debug|ARM.Deploy.0 = Debug|Any CPU
		{5545B4B7-10A5-499D-BE5D-568014717560}.Debug|iPhone.ActiveCfg = Debug|Any CPU
		{5545B4B7-10A5-499D-BE5D-568014717560}.Debug|iPhone.Build.0 = Debug|Any CPU
		{5545B4B7-10A5-499D-BE5D-568014717560}.Debug|iPhone.Deploy.0 = Debug|Any CPU
		{5545B4B7-10A5-499D-BE5D-568014717560}.Debug|iPhoneSimulator.ActiveCfg = Debug|Any CPU
		{5545B4B7-10A5-499D-BE5D-568014717560}.Debug|iPhoneSimulator.Build.0 = Debug|Any CPU
		{5545B4B7-10A5-499D-BE5D-568014717560}.Debug|iPhoneSimulator.Deploy.0 = Debug|Any CPU
		{5545B4B7-10A5-499D-BE5D-568014717560}.Debug|x64.ActiveCfg = Debug|Any CPU
		{5545B4B7-10A5-499D-BE5D-568014717560}.Debug|x64.Build.0 = Debug|Any CPU
		{5545B4B7-10A5-499D-BE5D-568014717560}.Debug|x64.Deploy.0 = Debug|Any CPU
		{5545B4B7-10A5-499D-BE5D-568014717560}.Debug|x86.ActiveCfg = Debug|Any CPU
		{5545B4B7-10A5-499D-BE5D-568014717560}.Debug|x86.Build.0 = Debug|Any CPU
		{5545B4B7-10A5-499D-BE5D-568014717560}.Debug|x86.Deploy.0 = Debug|Any CPU
		{5545B4B7-10A5-499D-BE5D-568014717560}.Release|Any CPU.ActiveCfg = Release|Any CPU
		{5545B4B7-10A5-499D-BE5D-568014717560}.Release|Any CPU.Build.0 = Release|Any CPU
		{5545B4B7-10A5-499D-BE5D-568014717560}.Release|Any CPU.Deploy.0 = Release|Any CPU
		{5545B4B7-10A5-499D-BE5D-568014717560}.Release|ARM.ActiveCfg = Release|Any CPU
		{5545B4B7-10A5-499D-BE5D-568014717560}.Release|ARM.Build.0 = Release|Any CPU
		{5545B4B7-10A5-499D-BE5D-568014717560}.Release|ARM.Deploy.0 = Release|Any CPU
		{5545B4B7-10A5-499D-BE5D-568014717560}.Release|iPhone.ActiveCfg = Release|Any CPU
		{5545B4B7-10A5-499D-BE5D-568014717560}.Release|iPhone.Build.0 = Release|Any CPU
		{5545B4B7-10A5-499D-BE5D-568014717560}.Release|iPhone.Deploy.0 = Release|Any CPU
		{5545B4B7-10A5-499D-BE5D-568014717560}.Release|iPhoneSimulator.ActiveCfg = Release|Any CPU
		{5545B4B7-10A5-499D-BE5D-568014717560}.Release|iPhoneSimulator.Build.0 = Release|Any CPU
		{5545B4B7-10A5-499D-BE5D-568014717560}.Release|iPhoneSimulator.Deploy.0 = Release|Any CPU
		{5545B4B7-10A5-499D-BE5D-568014717560}.Release|x64.ActiveCfg = Release|Any CPU
		{5545B4B7-10A5-499D-BE5D-568014717560}.Release|x64.Build.0 = Release|Any CPU
		{5545B4B7-10A5-499D-BE5D-568014717560}.Release|x64.Deploy.0 = Release|Any CPU
		{5545B4B7-10A5-499D-BE5D-568014717560}.Release|x86.ActiveCfg = Release|Any CPU
		{5545B4B7-10A5-499D-BE5D-568014717560}.Release|x86.Build.0 = Release|Any CPU
		{5545B4B7-10A5-499D-BE5D-568014717560}.Release|x86.Deploy.0 = Release|Any CPU
		{43504AAC-5442-433B-9905-B8314096C9EF}.Ad-Hoc|Any CPU.ActiveCfg = Ad-Hoc|iPhone
		{43504AAC-5442-433B-9905-B8314096C9EF}.Ad-Hoc|ARM.ActiveCfg = Ad-Hoc|iPhone
		{43504AAC-5442-433B-9905-B8314096C9EF}.Ad-Hoc|iPhone.ActiveCfg = Ad-Hoc|iPhone
		{43504AAC-5442-433B-9905-B8314096C9EF}.Ad-Hoc|iPhone.Build.0 = Ad-Hoc|iPhone
		{43504AAC-5442-433B-9905-B8314096C9EF}.Ad-Hoc|iPhoneSimulator.ActiveCfg = Ad-Hoc|iPhoneSimulator
		{43504AAC-5442-433B-9905-B8314096C9EF}.Ad-Hoc|iPhoneSimulator.Build.0 = Ad-Hoc|iPhoneSimulator
		{43504AAC-5442-433B-9905-B8314096C9EF}.Ad-Hoc|x64.ActiveCfg = Ad-Hoc|iPhone
		{43504AAC-5442-433B-9905-B8314096C9EF}.Ad-Hoc|x86.ActiveCfg = Ad-Hoc|iPhone
		{43504AAC-5442-433B-9905-B8314096C9EF}.AppStore|Any CPU.ActiveCfg = AppStore|iPhone
		{43504AAC-5442-433B-9905-B8314096C9EF}.AppStore|ARM.ActiveCfg = AppStore|iPhone
		{43504AAC-5442-433B-9905-B8314096C9EF}.AppStore|iPhone.ActiveCfg = AppStore|iPhone
		{43504AAC-5442-433B-9905-B8314096C9EF}.AppStore|iPhone.Build.0 = AppStore|iPhone
		{43504AAC-5442-433B-9905-B8314096C9EF}.AppStore|iPhoneSimulator.ActiveCfg = AppStore|iPhoneSimulator
		{43504AAC-5442-433B-9905-B8314096C9EF}.AppStore|iPhoneSimulator.Build.0 = AppStore|iPhoneSimulator
		{43504AAC-5442-433B-9905-B8314096C9EF}.AppStore|x64.ActiveCfg = AppStore|iPhone
		{43504AAC-5442-433B-9905-B8314096C9EF}.AppStore|x86.ActiveCfg = AppStore|iPhone
		{43504AAC-5442-433B-9905-B8314096C9EF}.Debug|Any CPU.ActiveCfg = Debug|iPhone
		{43504AAC-5442-433B-9905-B8314096C9EF}.Debug|ARM.ActiveCfg = Debug|iPhone
		{43504AAC-5442-433B-9905-B8314096C9EF}.Debug|iPhone.ActiveCfg = Debug|iPhone
		{43504AAC-5442-433B-9905-B8314096C9EF}.Debug|iPhone.Build.0 = Debug|iPhone
		{43504AAC-5442-433B-9905-B8314096C9EF}.Debug|iPhoneSimulator.ActiveCfg = Debug|iPhoneSimulator
		{43504AAC-5442-433B-9905-B8314096C9EF}.Debug|iPhoneSimulator.Build.0 = Debug|iPhoneSimulator
		{43504AAC-5442-433B-9905-B8314096C9EF}.Debug|x64.ActiveCfg = Debug|iPhone
		{43504AAC-5442-433B-9905-B8314096C9EF}.Debug|x86.ActiveCfg = Debug|iPhone
		{43504AAC-5442-433B-9905-B8314096C9EF}.Release|Any CPU.ActiveCfg = Release|iPhone
		{43504AAC-5442-433B-9905-B8314096C9EF}.Release|ARM.ActiveCfg = Release|iPhone
		{43504AAC-5442-433B-9905-B8314096C9EF}.Release|iPhone.ActiveCfg = Release|iPhone
		{43504AAC-5442-433B-9905-B8314096C9EF}.Release|iPhone.Build.0 = Release|iPhone
		{43504AAC-5442-433B-9905-B8314096C9EF}.Release|iPhoneSimulator.ActiveCfg = Release|iPhoneSimulator
		{43504AAC-5442-433B-9905-B8314096C9EF}.Release|iPhoneSimulator.Build.0 = Release|iPhoneSimulator
		{43504AAC-5442-433B-9905-B8314096C9EF}.Release|x64.ActiveCfg = Release|iPhone
		{43504AAC-5442-433B-9905-B8314096C9EF}.Release|x86.ActiveCfg = Release|iPhone
		{1A3EEBAB-8C72-47E6-9E73-A6DFC25AB214}.Ad-Hoc|Any CPU.ActiveCfg = Release|x86
		{1A3EEBAB-8C72-47E6-9E73-A6DFC25AB214}.Ad-Hoc|Any CPU.Build.0 = Release|x86
		{1A3EEBAB-8C72-47E6-9E73-A6DFC25AB214}.Ad-Hoc|Any CPU.Deploy.0 = Release|x86
		{1A3EEBAB-8C72-47E6-9E73-A6DFC25AB214}.Ad-Hoc|ARM.ActiveCfg = Release|ARM
		{1A3EEBAB-8C72-47E6-9E73-A6DFC25AB214}.Ad-Hoc|ARM.Build.0 = Release|ARM
		{1A3EEBAB-8C72-47E6-9E73-A6DFC25AB214}.Ad-Hoc|ARM.Deploy.0 = Release|ARM
		{1A3EEBAB-8C72-47E6-9E73-A6DFC25AB214}.Ad-Hoc|iPhone.ActiveCfg = Release|x86
		{1A3EEBAB-8C72-47E6-9E73-A6DFC25AB214}.Ad-Hoc|iPhone.Build.0 = Release|x86
		{1A3EEBAB-8C72-47E6-9E73-A6DFC25AB214}.Ad-Hoc|iPhone.Deploy.0 = Release|x86
		{1A3EEBAB-8C72-47E6-9E73-A6DFC25AB214}.Ad-Hoc|iPhoneSimulator.ActiveCfg = Release|x86
		{1A3EEBAB-8C72-47E6-9E73-A6DFC25AB214}.Ad-Hoc|iPhoneSimulator.Build.0 = Release|x86
		{1A3EEBAB-8C72-47E6-9E73-A6DFC25AB214}.Ad-Hoc|iPhoneSimulator.Deploy.0 = Release|x86
		{1A3EEBAB-8C72-47E6-9E73-A6DFC25AB214}.Ad-Hoc|x64.ActiveCfg = Release|x64
		{1A3EEBAB-8C72-47E6-9E73-A6DFC25AB214}.Ad-Hoc|x64.Build.0 = Release|x64
		{1A3EEBAB-8C72-47E6-9E73-A6DFC25AB214}.Ad-Hoc|x64.Deploy.0 = Release|x64
		{1A3EEBAB-8C72-47E6-9E73-A6DFC25AB214}.Ad-Hoc|x86.ActiveCfg = Release|x86
		{1A3EEBAB-8C72-47E6-9E73-A6DFC25AB214}.Ad-Hoc|x86.Build.0 = Release|x86
		{1A3EEBAB-8C72-47E6-9E73-A6DFC25AB214}.Ad-Hoc|x86.Deploy.0 = Release|x86
		{1A3EEBAB-8C72-47E6-9E73-A6DFC25AB214}.AppStore|Any CPU.ActiveCfg = Release|x86
		{1A3EEBAB-8C72-47E6-9E73-A6DFC25AB214}.AppStore|Any CPU.Build.0 = Release|x86
		{1A3EEBAB-8C72-47E6-9E73-A6DFC25AB214}.AppStore|Any CPU.Deploy.0 = Release|x86
		{1A3EEBAB-8C72-47E6-9E73-A6DFC25AB214}.AppStore|ARM.ActiveCfg = Release|ARM
		{1A3EEBAB-8C72-47E6-9E73-A6DFC25AB214}.AppStore|ARM.Build.0 = Release|ARM
		{1A3EEBAB-8C72-47E6-9E73-A6DFC25AB214}.AppStore|ARM.Deploy.0 = Release|ARM
		{1A3EEBAB-8C72-47E6-9E73-A6DFC25AB214}.AppStore|iPhone.ActiveCfg = Release|x86
		{1A3EEBAB-8C72-47E6-9E73-A6DFC25AB214}.AppStore|iPhone.Build.0 = Release|x86
		{1A3EEBAB-8C72-47E6-9E73-A6DFC25AB214}.AppStore|iPhone.Deploy.0 = Release|x86
		{1A3EEBAB-8C72-47E6-9E73-A6DFC25AB214}.AppStore|iPhoneSimulator.ActiveCfg = Release|x86
		{1A3EEBAB-8C72-47E6-9E73-A6DFC25AB214}.AppStore|iPhoneSimulator.Build.0 = Release|x86
		{1A3EEBAB-8C72-47E6-9E73-A6DFC25AB214}.AppStore|iPhoneSimulator.Deploy.0 = Release|x86
		{1A3EEBAB-8C72-47E6-9E73-A6DFC25AB214}.AppStore|x64.ActiveCfg = Release|x64
		{1A3EEBAB-8C72-47E6-9E73-A6DFC25AB214}.AppStore|x64.Build.0 = Release|x64
		{1A3EEBAB-8C72-47E6-9E73-A6DFC25AB214}.AppStore|x64.Deploy.0 = Release|x64
		{1A3EEBAB-8C72-47E6-9E73-A6DFC25AB214}.AppStore|x86.ActiveCfg = Release|x86
		{1A3EEBAB-8C72-47E6-9E73-A6DFC25AB214}.AppStore|x86.Build.0 = Release|x86
		{1A3EEBAB-8C72-47E6-9E73-A6DFC25AB214}.AppStore|x86.Deploy.0 = Release|x86
		{1A3EEBAB-8C72-47E6-9E73-A6DFC25AB214}.Debug|Any CPU.ActiveCfg = Debug|x86
		{1A3EEBAB-8C72-47E6-9E73-A6DFC25AB214}.Debug|ARM.ActiveCfg = Debug|ARM
		{1A3EEBAB-8C72-47E6-9E73-A6DFC25AB214}.Debug|ARM.Build.0 = Debug|ARM
		{1A3EEBAB-8C72-47E6-9E73-A6DFC25AB214}.Debug|ARM.Deploy.0 = Debug|ARM
		{1A3EEBAB-8C72-47E6-9E73-A6DFC25AB214}.Debug|iPhone.ActiveCfg = Debug|x86
		{1A3EEBAB-8C72-47E6-9E73-A6DFC25AB214}.Debug|iPhoneSimulator.ActiveCfg = Debug|x86
		{1A3EEBAB-8C72-47E6-9E73-A6DFC25AB214}.Debug|x64.ActiveCfg = Debug|x64
		{1A3EEBAB-8C72-47E6-9E73-A6DFC25AB214}.Debug|x64.Build.0 = Debug|x64
		{1A3EEBAB-8C72-47E6-9E73-A6DFC25AB214}.Debug|x64.Deploy.0 = Debug|x64
		{1A3EEBAB-8C72-47E6-9E73-A6DFC25AB214}.Debug|x86.ActiveCfg = Debug|x86
		{1A3EEBAB-8C72-47E6-9E73-A6DFC25AB214}.Debug|x86.Build.0 = Debug|x86
		{1A3EEBAB-8C72-47E6-9E73-A6DFC25AB214}.Debug|x86.Deploy.0 = Debug|x86
		{1A3EEBAB-8C72-47E6-9E73-A6DFC25AB214}.Release|Any CPU.ActiveCfg = Release|x86
		{1A3EEBAB-8C72-47E6-9E73-A6DFC25AB214}.Release|ARM.ActiveCfg = Release|ARM
		{1A3EEBAB-8C72-47E6-9E73-A6DFC25AB214}.Release|ARM.Build.0 = Release|ARM
		{1A3EEBAB-8C72-47E6-9E73-A6DFC25AB214}.Release|ARM.Deploy.0 = Release|ARM
		{1A3EEBAB-8C72-47E6-9E73-A6DFC25AB214}.Release|iPhone.ActiveCfg = Release|x86
		{1A3EEBAB-8C72-47E6-9E73-A6DFC25AB214}.Release|iPhoneSimulator.ActiveCfg = Release|x86
		{1A3EEBAB-8C72-47E6-9E73-A6DFC25AB214}.Release|x64.ActiveCfg = Release|x64
		{1A3EEBAB-8C72-47E6-9E73-A6DFC25AB214}.Release|x64.Build.0 = Release|x64
		{1A3EEBAB-8C72-47E6-9E73-A6DFC25AB214}.Release|x64.Deploy.0 = Release|x64
		{1A3EEBAB-8C72-47E6-9E73-A6DFC25AB214}.Release|x86.ActiveCfg = Release|x86
		{1A3EEBAB-8C72-47E6-9E73-A6DFC25AB214}.Release|x86.Build.0 = Release|x86
		{1A3EEBAB-8C72-47E6-9E73-A6DFC25AB214}.Release|x86.Deploy.0 = Release|x86
	EndGlobalSection
	GlobalSection(SolutionProperties) = preSolution
		HideSolutionNode = FALSE
	EndGlobalSection
	GlobalSection(ExtensibilityGlobals) = postSolution
		RESX_NeutralResourcesLanguage = fr-FR
		SolutionGuid = {7456E489-780F-4F5E-A2B7-24778DECCAF5}
	EndGlobalSection
EndGlobal
